// !$*UTF8*$!
{
	archiveVersion = 1;
	classes = {
	};
	objectVersion = 50;
	objects = {

/* Begin PBXBuildFile section */
		13493D782530050900A89A28 /* SyMemPool.h in Headers */ = {isa = PBXBuildFile; fileRef = 13493D732530050900A89A28 /* SyMemPool.h */; };
		13493D792530050900A89A28 /* SyTextFormator.h in Headers */ = {isa = PBXBuildFile; fileRef = 13493D742530050900A89A28 /* SyTextFormator.h */; };
		13493D7A2530050900A89A28 /* SyTextFormator.cpp in Sources */ = {isa = PBXBuildFile; fileRef = 13493D752530050900A89A28 /* SyTextFormator.cpp */; };
		13493D7B2530050900A89A28 /* SyMemPool.cpp in Sources */ = {isa = PBXBuildFile; fileRef = 13493D762530050900A89A28 /* SyMemPool.cpp */; };
		13493D8525302F1200A89A28 /* SyNetwork.h in Headers */ = {isa = PBXBuildFile; fileRef = 13493D7E25302F1200A89A28 /* SyNetwork.h */; };
		13493D8625302F1200A89A28 /* ProcessUtils.h in Headers */ = {isa = PBXBuildFile; fileRef = 13493D7F25302F1200A89A28 /* ProcessUtils.h */; };
		13493D8725302F1200A89A28 /* SyDef.h in Headers */ = {isa = PBXBuildFile; fileRef = 13493D8025302F1200A89A28 /* SyDef.h */; };
		13493D8825302F1200A89A28 /* SyCommon.h in Headers */ = {isa = PBXBuildFile; fileRef = 13493D8125302F1200A89A28 /* SyCommon.h */; };
		13493D8925302F1200A89A28 /* SyThreadEx.h in Headers */ = {isa = PBXBuildFile; fileRef = 13493D8225302F1200A89A28 /* SyThreadEx.h */; };
		13493D8A25302F1200A89A28 /* SyDataType.h in Headers */ = {isa = PBXBuildFile; fileRef = 13493D8325302F1200A89A28 /* SyDataType.h */; };
		13493D8B25302F1200A89A28 /* ProcessMontior.h in Headers */ = {isa = PBXBuildFile; fileRef = 13493D8425302F1200A89A28 /* ProcessMontior.h */; };
		13493D902530322700A89A28 /* SyThreadMisc.h in Headers */ = {isa = PBXBuildFile; fileRef = 13493D8E2530322700A89A28 /* SyThreadMisc.h */; };
		13493D912530322700A89A28 /* SyThreadMisc.cpp in Sources */ = {isa = PBXBuildFile; fileRef = 13493D8F2530322700A89A28 /* SyThreadMisc.cpp */; };
		13493D97253032AB00A89A28 /* SyAtomicOperationT.h in Headers */ = {isa = PBXBuildFile; fileRef = 13493D92253032AB00A89A28 /* SyAtomicOperationT.h */; };
		13493D98253032AB00A89A28 /* SyThread.cpp in Sources */ = {isa = PBXBuildFile; fileRef = 13493D93253032AB00A89A28 /* SyThread.cpp */; };
		13493D99253032AB00A89A28 /* SyAssert.h in Headers */ = {isa = PBXBuildFile; fileRef = 13493D94253032AB00A89A28 /* SyAssert.h */; };
		13493D9A253032AB00A89A28 /* SyThread.h in Headers */ = {isa = PBXBuildFile; fileRef = 13493D95253032AB00A89A28 /* SyThread.h */; };
		13493D9B253032AB00A89A28 /* SyDebug.h in Headers */ = {isa = PBXBuildFile; fileRef = 13493D96253032AB00A89A28 /* SyDebug.h */; };
		13493D9F253032FB00A89A28 /* SyAtomicOperationT.cpp in Sources */ = {isa = PBXBuildFile; fileRef = 13493D9C253032FB00A89A28 /* SyAtomicOperationT.cpp */; };
		13493DA0253032FB00A89A28 /* SyMutex.cpp in Sources */ = {isa = PBXBuildFile; fileRef = 13493D9D253032FB00A89A28 /* SyMutex.cpp */; };
		13493DA1253032FB00A89A28 /* SyMutex.h in Headers */ = {isa = PBXBuildFile; fileRef = 13493D9E253032FB00A89A28 /* SyMutex.h */; };
		13493DA3253033C900A89A28 /* SyOSAtomicT.h in Headers */ = {isa = PBXBuildFile; fileRef = 13493DA2253033C900A89A28 /* SyOSAtomicT.h */; };
		13493DA5253033F300A89A28 /* SyCommDef.h in Headers */ = {isa = PBXBuildFile; fileRef = 13493DA4253033F300A89A28 /* SyCommDef.h */; };
		13493DA7253035FD00A89A28 /* SyDefines.h in Headers */ = {isa = PBXBuildFile; fileRef = 13493DA6253035FD00A89A28 /* SyDefines.h */; };
		13493DA925303C3000A89A28 /* SyError.h in Headers */ = {isa = PBXBuildFile; fileRef = 13493DA825303C2F00A89A28 /* SyError.h */; };
		13493DAB25303E1400A89A28 /* syutil-Prefix.pch in Headers */ = {isa = PBXBuildFile; fileRef = 13493DAA25303E1400A89A28 /* syutil-Prefix.pch */; };
		13493DAD25303F9900A89A28 /* SyThreadInterface.h in Headers */ = {isa = PBXBuildFile; fileRef = 13493DAC25303F9900A89A28 /* SyThreadInterface.h */; };
		13493DAF2530403400A89A28 /* SyTimeValue.h in Headers */ = {isa = PBXBuildFile; fileRef = 13493DAE2530403400A89A28 /* SyTimeValue.h */; };
		13493DB12530474500A89A28 /* SyThreadManager.h in Headers */ = {isa = PBXBuildFile; fileRef = 13493DB02530474400A89A28 /* SyThreadManager.h */; };
		13493DB4253047D400A89A28 /* SyString.h in Headers */ = {isa = PBXBuildFile; fileRef = 13493DB2253047D400A89A28 /* SyString.h */; };
		13493DB5253047D400A89A28 /* SyStdCpp.h in Headers */ = {isa = PBXBuildFile; fileRef = 13493DB3253047D400A89A28 /* SyStdCpp.h */; };
		13493DB82530482600A89A28 /* SyConditionVariable.cpp in Sources */ = {isa = PBXBuildFile; fileRef = 13493DB62530482500A89A28 /* SyConditionVariable.cpp */; };
		13493DB92530482600A89A28 /* SyConditionVariable.h in Headers */ = {isa = PBXBuildFile; fileRef = 13493DB72530482600A89A28 /* SyConditionVariable.h */; };
		13493DBC253048A300A89A28 /* SyUtilMisc.h in Headers */ = {isa = PBXBuildFile; fileRef = 13493DBA253048A300A89A28 /* SyUtilMisc.h */; };
		13493DBD253048A300A89A28 /* SyUtilMisc.cpp in Sources */ = {isa = PBXBuildFile; fileRef = 13493DBB253048A300A89A28 /* SyUtilMisc.cpp */; };
		13493DBF25304F9F00A89A28 /* SyUtilTemplates.h in Headers */ = {isa = PBXBuildFile; fileRef = 13493DBE25304F9E00A89A28 /* SyUtilTemplates.h */; };
		13493DC12530501700A89A28 /* SyReferenceControl.h in Headers */ = {isa = PBXBuildFile; fileRef = 13493DC02530501700A89A28 /* SyReferenceControl.h */; };
		13493DC32530505700A89A28 /* SyUtilClasses.h in Headers */ = {isa = PBXBuildFile; fileRef = 13493DC22530505700A89A28 /* SyUtilClasses.h */; };
		13493DC6253050BF00A89A28 /* SyEventQueueBase.cpp in Sources */ = {isa = PBXBuildFile; fileRef = 13493DC4253050BF00A89A28 /* SyEventQueueBase.cpp */; };
		13493DC7253050BF00A89A28 /* SyEventQueueBase.h in Headers */ = {isa = PBXBuildFile; fileRef = 13493DC5253050BF00A89A28 /* SyEventQueueBase.h */; };
		13493DCA2530513600A89A28 /* timer.cpp in Sources */ = {isa = PBXBuildFile; fileRef = 13493DC82530513500A89A28 /* timer.cpp */; };
		13493DCB2530513600A89A28 /* timer.h in Headers */ = {isa = PBXBuildFile; fileRef = 13493DC92530513500A89A28 /* timer.h */; };
		13493DCD2530516F00A89A28 /* timer_internal.h in Headers */ = {isa = PBXBuildFile; fileRef = 13493DCC2530516F00A89A28 /* timer_internal.h */; };
		13493DD0253051EE00A89A28 /* SyTimerWrapperID.cpp in Sources */ = {isa = PBXBuildFile; fileRef = 13493DCE253051EE00A89A28 /* SyTimerWrapperID.cpp */; };
		13493DD1253051EE00A89A28 /* SyTimerWrapperID.h in Headers */ = {isa = PBXBuildFile; fileRef = 13493DCF253051EE00A89A28 /* SyTimerWrapperID.h */; };
		13493DD42530631D00A89A28 /* SystemCapacity.cpp in Sources */ = {isa = PBXBuildFile; fileRef = 13493DD22530631D00A89A28 /* SystemCapacity.cpp */; };
		13493DD52530631D00A89A28 /* SystemCapacity.h in Headers */ = {isa = PBXBuildFile; fileRef = 13493DD32530631D00A89A28 /* SystemCapacity.h */; };
		13493DD92530669300A89A28 /* SyTimeValue.cpp in Sources */ = {isa = PBXBuildFile; fileRef = 13493DD82530669300A89A28 /* SyTimeValue.cpp */; };
		13493DDB2530670600A89A28 /* SyThreadInterface.cpp in Sources */ = {isa = PBXBuildFile; fileRef = 13493DDA2530670500A89A28 /* SyThreadInterface.cpp */; };
		13493DDD253067C700A89A28 /* SyDebug.cpp in Sources */ = {isa = PBXBuildFile; fileRef = 13493DDC253067C700A89A28 /* SyDebug.cpp */; };
		13493DE02530684200A89A28 /* SyConfigIO.cpp in Sources */ = {isa = PBXBuildFile; fileRef = 13493DDE2530684100A89A28 /* SyConfigIO.cpp */; };
		13493DE12530684200A89A28 /* SyConfigIO.h in Headers */ = {isa = PBXBuildFile; fileRef = 13493DDF2530684100A89A28 /* SyConfigIO.h */; };
		13493DE32530687A00A89A28 /* SyMacUtil.mm in Sources */ = {isa = PBXBuildFile; fileRef = 13493DE22530687A00A89A28 /* SyMacUtil.mm */; };
		13493DE6253068F200A89A28 /* SyDefaultDir.cpp in Sources */ = {isa = PBXBuildFile; fileRef = 13493DE4253068F200A89A28 /* SyDefaultDir.cpp */; };
		13493DE7253068F200A89A28 /* SyDefaultDir.h in Headers */ = {isa = PBXBuildFile; fileRef = 13493DE5253068F200A89A28 /* SyDefaultDir.h */; };
		13493DE9253088FB00A89A28 /* SyUtilClasses.cpp in Sources */ = {isa = PBXBuildFile; fileRef = 13493DE8253088FA00A89A28 /* SyUtilClasses.cpp */; };
		13493DEC2530899800A89A28 /* Carbon.framework in Frameworks */ = {isa = PBXBuildFile; fileRef = 13493DEB2530899800A89A28 /* Carbon.framework */; };
/* End PBXBuildFile section */

/* Begin PBXFileReference section */
		13493D652530044A00A89A28 /* syutil_mac.framework */ = {isa = PBXFileReference; explicitFileType = wrapper.framework; includeInIndex = 0; path = syutil_mac.framework; sourceTree = BUILT_PRODUCTS_DIR; };
		13493D692530044B00A89A28 /* Info.plist */ = {isa = PBXFileReference; lastKnownFileType = text.plist.xml; path = Info.plist; sourceTree = "<group>"; };
		13493D732530050900A89A28 /* SyMemPool.h */ = {isa = PBXFileReference; fileEncoding = 4; lastKnownFileType = sourcecode.c.h; name = SyMemPool.h; path = ../../syutil/SyMemPool.h; sourceTree = "<group>"; };
		13493D742530050900A89A28 /* SyTextFormator.h */ = {isa = PBXFileReference; fileEncoding = 4; lastKnownFileType = sourcecode.c.h; name = SyTextFormator.h; path = ../../syutil/SyTextFormator.h; sourceTree = "<group>"; };
		13493D752530050900A89A28 /* SyTextFormator.cpp */ = {isa = PBXFileReference; fileEncoding = 4; lastKnownFileType = sourcecode.cpp.cpp; name = SyTextFormator.cpp; path = ../../syutil/SyTextFormator.cpp; sourceTree = "<group>"; };
		13493D762530050900A89A28 /* SyMemPool.cpp */ = {isa = PBXFileReference; fileEncoding = 4; lastKnownFileType = sourcecode.cpp.cpp; name = SyMemPool.cpp; path = ../../syutil/SyMemPool.cpp; sourceTree = "<group>"; };
		13493D7E25302F1200A89A28 /* SyNetwork.h */ = {isa = PBXFileReference; fileEncoding = 4; lastKnownFileType = sourcecode.c.h; path = SyNetwork.h; sourceTree = "<group>"; };
		13493D7F25302F1200A89A28 /* ProcessUtils.h */ = {isa = PBXFileReference; fileEncoding = 4; lastKnownFileType = sourcecode.c.h; path = ProcessUtils.h; sourceTree = "<group>"; };
		13493D8025302F1200A89A28 /* SyDef.h */ = {isa = PBXFileReference; fileEncoding = 4; lastKnownFileType = sourcecode.c.h; path = SyDef.h; sourceTree = "<group>"; };
		13493D8125302F1200A89A28 /* SyCommon.h */ = {isa = PBXFileReference; fileEncoding = 4; lastKnownFileType = sourcecode.c.h; path = SyCommon.h; sourceTree = "<group>"; };
		13493D8225302F1200A89A28 /* SyThreadEx.h */ = {isa = PBXFileReference; fileEncoding = 4; lastKnownFileType = sourcecode.c.h; path = SyThreadEx.h; sourceTree = "<group>"; };
		13493D8325302F1200A89A28 /* SyDataType.h */ = {isa = PBXFileReference; fileEncoding = 4; lastKnownFileType = sourcecode.c.h; path = SyDataType.h; sourceTree = "<group>"; };
		13493D8425302F1200A89A28 /* ProcessMontior.h */ = {isa = PBXFileReference; fileEncoding = 4; lastKnownFileType = sourcecode.c.h; path = ProcessMontior.h; sourceTree = "<group>"; };
		13493D8E2530322700A89A28 /* SyThreadMisc.h */ = {isa = PBXFileReference; fileEncoding = 4; lastKnownFileType = sourcecode.c.h; name = SyThreadMisc.h; path = ../../syutil/SyThreadMisc.h; sourceTree = "<group>"; };
		13493D8F2530322700A89A28 /* SyThreadMisc.cpp */ = {isa = PBXFileReference; fileEncoding = 4; lastKnownFileType = sourcecode.cpp.cpp; name = SyThreadMisc.cpp; path = ../../syutil/SyThreadMisc.cpp; sourceTree = "<group>"; };
		13493D92253032AB00A89A28 /* SyAtomicOperationT.h */ = {isa = PBXFileReference; fileEncoding = 4; lastKnownFileType = sourcecode.c.h; name = SyAtomicOperationT.h; path = ../../syutil/SyAtomicOperationT.h; sourceTree = "<group>"; };
		13493D93253032AB00A89A28 /* SyThread.cpp */ = {isa = PBXFileReference; fileEncoding = 4; lastKnownFileType = sourcecode.cpp.cpp; name = SyThread.cpp; path = ../../syutil/SyThread.cpp; sourceTree = "<group>"; };
		13493D94253032AB00A89A28 /* SyAssert.h */ = {isa = PBXFileReference; fileEncoding = 4; lastKnownFileType = sourcecode.c.h; name = SyAssert.h; path = ../../syutil/SyAssert.h; sourceTree = "<group>"; };
		13493D95253032AB00A89A28 /* SyThread.h */ = {isa = PBXFileReference; fileEncoding = 4; lastKnownFileType = sourcecode.c.h; name = SyThread.h; path = ../../syutil/SyThread.h; sourceTree = "<group>"; };
		13493D96253032AB00A89A28 /* SyDebug.h */ = {isa = PBXFileReference; fileEncoding = 4; lastKnownFileType = sourcecode.c.h; name = SyDebug.h; path = ../../syutil/SyDebug.h; sourceTree = "<group>"; };
		13493D9C253032FB00A89A28 /* SyAtomicOperationT.cpp */ = {isa = PBXFileReference; fileEncoding = 4; lastKnownFileType = sourcecode.cpp.cpp; name = SyAtomicOperationT.cpp; path = ../../syutil/SyAtomicOperationT.cpp; sourceTree = "<group>"; };
		13493D9D253032FB00A89A28 /* SyMutex.cpp */ = {isa = PBXFileReference; fileEncoding = 4; lastKnownFileType = sourcecode.cpp.cpp; name = SyMutex.cpp; path = ../../syutil/SyMutex.cpp; sourceTree = "<group>"; };
		13493D9E253032FB00A89A28 /* SyMutex.h */ = {isa = PBXFileReference; fileEncoding = 4; lastKnownFileType = sourcecode.c.h; name = SyMutex.h; path = ../../syutil/SyMutex.h; sourceTree = "<group>"; };
		13493DA2253033C900A89A28 /* SyOSAtomicT.h */ = {isa = PBXFileReference; fileEncoding = 4; lastKnownFileType = sourcecode.c.h; name = SyOSAtomicT.h; path = ../../syutil/SyOSAtomicT.h; sourceTree = "<group>"; };
		13493DA4253033F300A89A28 /* SyCommDef.h */ = {isa = PBXFileReference; fileEncoding = 4; lastKnownFileType = sourcecode.c.h; name = SyCommDef.h; path = ../../syutil/SyCommDef.h; sourceTree = "<group>"; };
		13493DA6253035FD00A89A28 /* SyDefines.h */ = {isa = PBXFileReference; fileEncoding = 4; lastKnownFileType = sourcecode.c.h; name = SyDefines.h; path = ../../syutil/SyDefines.h; sourceTree = "<group>"; };
		13493DA825303C2F00A89A28 /* SyError.h */ = {isa = PBXFileReference; fileEncoding = 4; lastKnownFileType = sourcecode.c.h; name = SyError.h; path = ../../syutil/SyError.h; sourceTree = "<group>"; };
		13493DAA25303E1400A89A28 /* syutil-Prefix.pch */ = {isa = PBXFileReference; fileEncoding = 4; lastKnownFileType = sourcecode.c.h; path = "syutil-Prefix.pch"; sourceTree = "<group>"; };
		13493DAC25303F9900A89A28 /* SyThreadInterface.h */ = {isa = PBXFileReference; fileEncoding = 4; lastKnownFileType = sourcecode.c.h; name = SyThreadInterface.h; path = ../../syutil/SyThreadInterface.h; sourceTree = "<group>"; };
		13493DAE2530403400A89A28 /* SyTimeValue.h */ = {isa = PBXFileReference; fileEncoding = 4; lastKnownFileType = sourcecode.c.h; name = SyTimeValue.h; path = ../../syutil/SyTimeValue.h; sourceTree = "<group>"; };
		13493DB02530474400A89A28 /* SyThreadManager.h */ = {isa = PBXFileReference; fileEncoding = 4; lastKnownFileType = sourcecode.c.h; name = SyThreadManager.h; path = ../../syutil/SyThreadManager.h; sourceTree = "<group>"; };
		13493DB2253047D400A89A28 /* SyString.h */ = {isa = PBXFileReference; fileEncoding = 4; lastKnownFileType = sourcecode.c.h; name = SyString.h; path = ../../syutil/SyString.h; sourceTree = "<group>"; };
		13493DB3253047D400A89A28 /* SyStdCpp.h */ = {isa = PBXFileReference; fileEncoding = 4; lastKnownFileType = sourcecode.c.h; name = SyStdCpp.h; path = ../../syutil/SyStdCpp.h; sourceTree = "<group>"; };
		13493DB62530482500A89A28 /* SyConditionVariable.cpp */ = {isa = PBXFileReference; fileEncoding = 4; lastKnownFileType = sourcecode.cpp.cpp; name = SyConditionVariable.cpp; path = ../../syutil/SyConditionVariable.cpp; sourceTree = "<group>"; };
		13493DB72530482600A89A28 /* SyConditionVariable.h */ = {isa = PBXFileReference; fileEncoding = 4; lastKnownFileType = sourcecode.c.h; name = SyConditionVariable.h; path = ../../syutil/SyConditionVariable.h; sourceTree = "<group>"; };
		13493DBA253048A300A89A28 /* SyUtilMisc.h */ = {isa = PBXFileReference; fileEncoding = 4; lastKnownFileType = sourcecode.c.h; name = SyUtilMisc.h; path = ../../syutil/SyUtilMisc.h; sourceTree = "<group>"; };
		13493DBB253048A300A89A28 /* SyUtilMisc.cpp */ = {isa = PBXFileReference; fileEncoding = 4; lastKnownFileType = sourcecode.cpp.cpp; name = SyUtilMisc.cpp; path = ../../syutil/SyUtilMisc.cpp; sourceTree = "<group>"; };
		13493DBE25304F9E00A89A28 /* SyUtilTemplates.h */ = {isa = PBXFileReference; fileEncoding = 4; lastKnownFileType = sourcecode.c.h; name = SyUtilTemplates.h; path = ../../syutil/SyUtilTemplates.h; sourceTree = "<group>"; };
		13493DC02530501700A89A28 /* SyReferenceControl.h */ = {isa = PBXFileReference; fileEncoding = 4; lastKnownFileType = sourcecode.c.h; name = SyReferenceControl.h; path = ../../syutil/SyReferenceControl.h; sourceTree = "<group>"; };
		13493DC22530505700A89A28 /* SyUtilClasses.h */ = {isa = PBXFileReference; fileEncoding = 4; lastKnownFileType = sourcecode.c.h; name = SyUtilClasses.h; path = ../../syutil/SyUtilClasses.h; sourceTree = "<group>"; };
		13493DC4253050BF00A89A28 /* SyEventQueueBase.cpp */ = {isa = PBXFileReference; fileEncoding = 4; lastKnownFileType = sourcecode.cpp.cpp; name = SyEventQueueBase.cpp; path = ../../syutil/SyEventQueueBase.cpp; sourceTree = "<group>"; };
		13493DC5253050BF00A89A28 /* SyEventQueueBase.h */ = {isa = PBXFileReference; fileEncoding = 4; lastKnownFileType = sourcecode.c.h; name = SyEventQueueBase.h; path = ../../syutil/SyEventQueueBase.h; sourceTree = "<group>"; };
		13493DC82530513500A89A28 /* timer.cpp */ = {isa = PBXFileReference; fileEncoding = 4; lastKnownFileType = sourcecode.cpp.cpp; name = timer.cpp; path = ../../syutil/timer.cpp; sourceTree = "<group>"; };
		13493DC92530513500A89A28 /* timer.h */ = {isa = PBXFileReference; fileEncoding = 4; lastKnownFileType = sourcecode.c.h; name = timer.h; path = ../../syutil/timer.h; sourceTree = "<group>"; };
		13493DCC2530516F00A89A28 /* timer_internal.h */ = {isa = PBXFileReference; fileEncoding = 4; lastKnownFileType = sourcecode.c.h; name = timer_internal.h; path = ../../syutil/timer_internal.h; sourceTree = "<group>"; };
		13493DCE253051EE00A89A28 /* SyTimerWrapperID.cpp */ = {isa = PBXFileReference; fileEncoding = 4; lastKnownFileType = sourcecode.cpp.cpp; name = SyTimerWrapperID.cpp; path = ../../syutil/SyTimerWrapperID.cpp; sourceTree = "<group>"; };
		13493DCF253051EE00A89A28 /* SyTimerWrapperID.h */ = {isa = PBXFileReference; fileEncoding = 4; lastKnownFileType = sourcecode.c.h; name = SyTimerWrapperID.h; path = ../../syutil/SyTimerWrapperID.h; sourceTree = "<group>"; };
		13493DD22530631D00A89A28 /* SystemCapacity.cpp */ = {isa = PBXFileReference; fileEncoding = 4; lastKnownFileType = sourcecode.cpp.cpp; name = SystemCapacity.cpp; path = ../../syutil/SystemCapacity.cpp; sourceTree = "<group>"; };
		13493DD32530631D00A89A28 /* SystemCapacity.h */ = {isa = PBXFileReference; fileEncoding = 4; lastKnownFileType = sourcecode.c.h; name = SystemCapacity.h; path = ../../syutil/SystemCapacity.h; sourceTree = "<group>"; };
		13493DD82530669300A89A28 /* SyTimeValue.cpp */ = {isa = PBXFileReference; fileEncoding = 4; lastKnownFileType = sourcecode.cpp.cpp; name = SyTimeValue.cpp; path = ../../syutil/SyTimeValue.cpp; sourceTree = "<group>"; };
		13493DDA2530670500A89A28 /* SyThreadInterface.cpp */ = {isa = PBXFileReference; fileEncoding = 4; lastKnownFileType = sourcecode.cpp.cpp; name = SyThreadInterface.cpp; path = ../../syutil/SyThreadInterface.cpp; sourceTree = "<group>"; };
		13493DDC253067C700A89A28 /* SyDebug.cpp */ = {isa = PBXFileReference; fileEncoding = 4; lastKnownFileType = sourcecode.cpp.cpp; name = SyDebug.cpp; path = ../../syutil/SyDebug.cpp; sourceTree = "<group>"; };
		13493DDE2530684100A89A28 /* SyConfigIO.cpp */ = {isa = PBXFileReference; fileEncoding = 4; lastKnownFileType = sourcecode.cpp.cpp; name = SyConfigIO.cpp; path = ../../syutil/SyConfigIO.cpp; sourceTree = "<group>"; };
		13493DDF2530684100A89A28 /* SyConfigIO.h */ = {isa = PBXFileReference; fileEncoding = 4; lastKnownFileType = sourcecode.c.h; name = SyConfigIO.h; path = ../../syutil/SyConfigIO.h; sourceTree = "<group>"; };
		13493DE22530687A00A89A28 /* SyMacUtil.mm */ = {isa = PBXFileReference; fileEncoding = 4; lastKnownFileType = sourcecode.cpp.objcpp; name = SyMacUtil.mm; path = ../../syutil/macos/SyMacUtil.mm; sourceTree = "<group>"; };
		13493DE4253068F200A89A28 /* SyDefaultDir.cpp */ = {isa = PBXFileReference; fileEncoding = 4; lastKnownFileType = sourcecode.cpp.cpp; name = SyDefaultDir.cpp; path = ../../syutil/SyDefaultDir.cpp; sourceTree = "<group>"; };
		13493DE5253068F200A89A28 /* SyDefaultDir.h */ = {isa = PBXFileReference; fileEncoding = 4; lastKnownFileType = sourcecode.c.h; name = SyDefaultDir.h; path = ../../syutil/SyDefaultDir.h; sourceTree = "<group>"; };
		13493DE8253088FA00A89A28 /* SyUtilClasses.cpp */ = {isa = PBXFileReference; fileEncoding = 4; lastKnownFileType = sourcecode.cpp.cpp; name = SyUtilClasses.cpp; path = ../../syutil/SyUtilClasses.cpp; sourceTree = "<group>"; };
		13493DEB2530899800A89A28 /* Carbon.framework */ = {isa = PBXFileReference; lastKnownFileType = wrapper.framework; name = Carbon.framework; path = System/Library/Frameworks/Carbon.framework; sourceTree = SDKROOT; };
/* End PBXFileReference section */

/* Begin PBXFrameworksBuildPhase section */
		13493D622530044A00A89A28 /* Frameworks */ = {
			isa = PBXFrameworksBuildPhase;
			buildActionMask = 2147483647;
			files = (
				13493DEC2530899800A89A28 /* Carbon.framework in Frameworks */,
			);
			runOnlyForDeploymentPostprocessing = 0;
		};
/* End PBXFrameworksBuildPhase section */

/* Begin PBXGroup section */
		13493D5B2530044A00A89A28 = {
			isa = PBXGroup;
			children = (
				13493D72253004F500A89A28 /* syutil */,
				13493D672530044A00A89A28 /* syutil_mac */,
				13493D662530044A00A89A28 /* Products */,
				13493DEA2530899800A89A28 /* Frameworks */,
			);
			sourceTree = "<group>";
		};
		13493D662530044A00A89A28 /* Products */ = {
			isa = PBXGroup;
			children = (
				13493D652530044A00A89A28 /* syutil_mac.framework */,
			);
			name = Products;
			sourceTree = "<group>";
		};
		13493D672530044A00A89A28 /* syutil_mac */ = {
			isa = PBXGroup;
			children = (
				13493DAA25303E1400A89A28 /* syutil-Prefix.pch */,
				13493D692530044B00A89A28 /* Info.plist */,
			);
			path = syutil_mac;
			sourceTree = "<group>";
		};
		13493D72253004F500A89A28 /* syutil */ = {
			isa = PBXGroup;
			children = (
				13493DE4253068F200A89A28 /* SyDefaultDir.cpp */,
				13493DE5253068F200A89A28 /* SyDefaultDir.h */,
				13493DE22530687A00A89A28 /* SyMacUtil.mm */,
				13493DDE2530684100A89A28 /* SyConfigIO.cpp */,
				13493DDF2530684100A89A28 /* SyConfigIO.h */,
				13493DDA2530670500A89A28 /* SyThreadInterface.cpp */,
				13493DD22530631D00A89A28 /* SystemCapacity.cpp */,
				13493DD32530631D00A89A28 /* SystemCapacity.h */,
				13493DCE253051EE00A89A28 /* SyTimerWrapperID.cpp */,
				13493DCF253051EE00A89A28 /* SyTimerWrapperID.h */,
				13493DCC2530516F00A89A28 /* timer_internal.h */,
				13493DC82530513500A89A28 /* timer.cpp */,
				13493DC92530513500A89A28 /* timer.h */,
				13493DC4253050BF00A89A28 /* SyEventQueueBase.cpp */,
				13493DC5253050BF00A89A28 /* SyEventQueueBase.h */,
				13493DE8253088FA00A89A28 /* SyUtilClasses.cpp */,
				13493DC22530505700A89A28 /* SyUtilClasses.h */,
				13493DC02530501700A89A28 /* SyReferenceControl.h */,
				13493DBE25304F9E00A89A28 /* SyUtilTemplates.h */,
				13493DBB253048A300A89A28 /* SyUtilMisc.cpp */,
				13493DBA253048A300A89A28 /* SyUtilMisc.h */,
				13493DB62530482500A89A28 /* SyConditionVariable.cpp */,
				13493DB72530482600A89A28 /* SyConditionVariable.h */,
				13493DB3253047D400A89A28 /* SyStdCpp.h */,
				13493DB2253047D400A89A28 /* SyString.h */,
				13493DB02530474400A89A28 /* SyThreadManager.h */,
				13493DD82530669300A89A28 /* SyTimeValue.cpp */,
				13493DAE2530403400A89A28 /* SyTimeValue.h */,
				13493DAC25303F9900A89A28 /* SyThreadInterface.h */,
				13493DA825303C2F00A89A28 /* SyError.h */,
				13493DA6253035FD00A89A28 /* SyDefines.h */,
				13493DA4253033F300A89A28 /* SyCommDef.h */,
				13493DA2253033C900A89A28 /* SyOSAtomicT.h */,
				13493D9C253032FB00A89A28 /* SyAtomicOperationT.cpp */,
				13493D92253032AB00A89A28 /* SyAtomicOperationT.h */,
				13493D9D253032FB00A89A28 /* SyMutex.cpp */,
				13493D9E253032FB00A89A28 /* SyMutex.h */,
				13493D94253032AB00A89A28 /* SyAssert.h */,
				13493DDC253067C700A89A28 /* SyDebug.cpp */,
				13493D96253032AB00A89A28 /* SyDebug.h */,
				13493D93253032AB00A89A28 /* SyThread.cpp */,
				13493D95253032AB00A89A28 /* SyThread.h */,
				13493D8F2530322700A89A28 /* SyThreadMisc.cpp */,
				13493D8E2530322700A89A28 /* SyThreadMisc.h */,
				13493D7D25302F1200A89A28 /* macos */,
				13493D762530050900A89A28 /* SyMemPool.cpp */,
				13493D732530050900A89A28 /* SyMemPool.h */,
				13493D752530050900A89A28 /* SyTextFormator.cpp */,
				13493D742530050900A89A28 /* SyTextFormator.h */,
			);
			path = syutil;
			sourceTree = "<group>";
		};
		13493D7D25302F1200A89A28 /* macos */ = {
			isa = PBXGroup;
			children = (
				13493D7E25302F1200A89A28 /* SyNetwork.h */,
				13493D7F25302F1200A89A28 /* ProcessUtils.h */,
				13493D8025302F1200A89A28 /* SyDef.h */,
				13493D8125302F1200A89A28 /* SyCommon.h */,
				13493D8225302F1200A89A28 /* SyThreadEx.h */,
				13493D8325302F1200A89A28 /* SyDataType.h */,
				13493D8425302F1200A89A28 /* ProcessMontior.h */,
			);
			name = macos;
			path = ../../syutil/macos;
			sourceTree = "<group>";
		};
		13493DEA2530899800A89A28 /* Frameworks */ = {
			isa = PBXGroup;
			children = (
				13493DEB2530899800A89A28 /* Carbon.framework */,
			);
			name = Frameworks;
			sourceTree = "<group>";
		};
/* End PBXGroup section */

/* Begin PBXHeadersBuildPhase section */
		13493D602530044A00A89A28 /* Headers */ = {
			isa = PBXHeadersBuildPhase;
			buildActionMask = 2147483647;
			files = (
				13493DA1253032FB00A89A28 /* SyMutex.h in Headers */,
				13493D8825302F1200A89A28 /* SyCommon.h in Headers */,
				13493DB5253047D400A89A28 /* SyStdCpp.h in Headers */,
				13493D9B253032AB00A89A28 /* SyDebug.h in Headers */,
				13493DB4253047D400A89A28 /* SyString.h in Headers */,
				13493DE7253068F200A89A28 /* SyDefaultDir.h in Headers */,
				13493DAB25303E1400A89A28 /* syutil-Prefix.pch in Headers */,
				13493D8725302F1200A89A28 /* SyDef.h in Headers */,
				13493DA3253033C900A89A28 /* SyOSAtomicT.h in Headers */,
				13493DD52530631D00A89A28 /* SystemCapacity.h in Headers */,
				13493DBF25304F9F00A89A28 /* SyUtilTemplates.h in Headers */,
				13493D902530322700A89A28 /* SyThreadMisc.h in Headers */,
				13493DC12530501700A89A28 /* SyReferenceControl.h in Headers */,
				13493DD1253051EE00A89A28 /* SyTimerWrapperID.h in Headers */,
				13493DCD2530516F00A89A28 /* timer_internal.h in Headers */,
				13493DC7253050BF00A89A28 /* SyEventQueueBase.h in Headers */,
				13493DC32530505700A89A28 /* SyUtilClasses.h in Headers */,
				13493DE12530684200A89A28 /* SyConfigIO.h in Headers */,
				13493D782530050900A89A28 /* SyMemPool.h in Headers */,
				13493D8A25302F1200A89A28 /* SyDataType.h in Headers */,
				13493D8625302F1200A89A28 /* ProcessUtils.h in Headers */,
				13493D792530050900A89A28 /* SyTextFormator.h in Headers */,
				13493DB12530474500A89A28 /* SyThreadManager.h in Headers */,
				13493DAD25303F9900A89A28 /* SyThreadInterface.h in Headers */,
				13493D97253032AB00A89A28 /* SyAtomicOperationT.h in Headers */,
				13493DA5253033F300A89A28 /* SyCommDef.h in Headers */,
				13493D8525302F1200A89A28 /* SyNetwork.h in Headers */,
				13493DB92530482600A89A28 /* SyConditionVariable.h in Headers */,
				13493DAF2530403400A89A28 /* SyTimeValue.h in Headers */,
				13493D8925302F1200A89A28 /* SyThreadEx.h in Headers */,
				13493DA925303C3000A89A28 /* SyError.h in Headers */,
				13493D9A253032AB00A89A28 /* SyThread.h in Headers */,
				13493D99253032AB00A89A28 /* SyAssert.h in Headers */,
				13493DBC253048A300A89A28 /* SyUtilMisc.h in Headers */,
				13493D8B25302F1200A89A28 /* ProcessMontior.h in Headers */,
				13493DCB2530513600A89A28 /* timer.h in Headers */,
				13493DA7253035FD00A89A28 /* SyDefines.h in Headers */,
			);
			runOnlyForDeploymentPostprocessing = 0;
		};
/* End PBXHeadersBuildPhase section */

/* Begin PBXNativeTarget section */
		13493D642530044A00A89A28 /* syutil_mac */ = {
			isa = PBXNativeTarget;
			buildConfigurationList = 13493D6D2530044B00A89A28 /* Build configuration list for PBXNativeTarget "syutil_mac" */;
			buildPhases = (
				13493D602530044A00A89A28 /* Headers */,
				13493D612530044A00A89A28 /* Sources */,
				13493D622530044A00A89A28 /* Frameworks */,
				13493D632530044A00A89A28 /* Resources */,
			);
			buildRules = (
			);
			dependencies = (
			);
			name = syutil_mac;
			productName = syutil_mac;
			productReference = 13493D652530044A00A89A28 /* syutil_mac.framework */;
			productType = "com.apple.product-type.framework";
		};
/* End PBXNativeTarget section */

/* Begin PBXProject section */
		13493D5C2530044A00A89A28 /* Project object */ = {
			isa = PBXProject;
			attributes = {
				LastUpgradeCheck = 1030;
				ORGANIZATIONNAME = "Soya Li";
				TargetAttributes = {
					13493D642530044A00A89A28 = {
						CreatedOnToolsVersion = 10.3;
					};
				};
			};
			buildConfigurationList = 13493D5F2530044A00A89A28 /* Build configuration list for PBXProject "syutil_mac" */;
			compatibilityVersion = "Xcode 9.3";
			developmentRegion = en;
			hasScannedForEncodings = 0;
			knownRegions = (
				en,
			);
			mainGroup = 13493D5B2530044A00A89A28;
			productRefGroup = 13493D662530044A00A89A28 /* Products */;
			projectDirPath = "";
			projectRoot = "";
			targets = (
				13493D642530044A00A89A28 /* syutil_mac */,
			);
		};
/* End PBXProject section */

/* Begin PBXResourcesBuildPhase section */
		13493D632530044A00A89A28 /* Resources */ = {
			isa = PBXResourcesBuildPhase;
			buildActionMask = 2147483647;
			files = (
			);
			runOnlyForDeploymentPostprocessing = 0;
		};
/* End PBXResourcesBuildPhase section */

/* Begin PBXSourcesBuildPhase section */
		13493D612530044A00A89A28 /* Sources */ = {
			isa = PBXSourcesBuildPhase;
			buildActionMask = 2147483647;
			files = (
				13493DD0253051EE00A89A28 /* SyTimerWrapperID.cpp in Sources */,
				13493D7A2530050900A89A28 /* SyTextFormator.cpp in Sources */,
				13493DE02530684200A89A28 /* SyConfigIO.cpp in Sources */,
				13493DE6253068F200A89A28 /* SyDefaultDir.cpp in Sources */,
				13493DCA2530513600A89A28 /* timer.cpp in Sources */,
				13493D9F253032FB00A89A28 /* SyAtomicOperationT.cpp in Sources */,
				13493D98253032AB00A89A28 /* SyThread.cpp in Sources */,
				13493DC6253050BF00A89A28 /* SyEventQueueBase.cpp in Sources */,
				13493D7B2530050900A89A28 /* SyMemPool.cpp in Sources */,
				13493DDB2530670600A89A28 /* SyThreadInterface.cpp in Sources */,
				13493D912530322700A89A28 /* SyThreadMisc.cpp in Sources */,
				13493DBD253048A300A89A28 /* SyUtilMisc.cpp in Sources */,
				13493DE32530687A00A89A28 /* SyMacUtil.mm in Sources */,
				13493DB82530482600A89A28 /* SyConditionVariable.cpp in Sources */,
				13493DD92530669300A89A28 /* SyTimeValue.cpp in Sources */,
				13493DD42530631D00A89A28 /* SystemCapacity.cpp in Sources */,
				13493DE9253088FB00A89A28 /* SyUtilClasses.cpp in Sources */,
				13493DA0253032FB00A89A28 /* SyMutex.cpp in Sources */,
				13493DDD253067C700A89A28 /* SyDebug.cpp in Sources */,
			);
			runOnlyForDeploymentPostprocessing = 0;
		};
/* End PBXSourcesBuildPhase section */

/* Begin XCBuildConfiguration section */
		13493D6B2530044B00A89A28 /* Debug */ = {
			isa = XCBuildConfiguration;
			buildSettings = {
				ALWAYS_SEARCH_USER_PATHS = NO;
				CLANG_ANALYZER_NONNULL = YES;
				CLANG_ANALYZER_NUMBER_OBJECT_CONVERSION = YES_AGGRESSIVE;
				CLANG_CXX_LANGUAGE_STANDARD = "gnu++14";
				CLANG_CXX_LIBRARY = "libc++";
				CLANG_ENABLE_MODULES = YES;
				CLANG_ENABLE_OBJC_ARC = YES;
				CLANG_ENABLE_OBJC_WEAK = YES;
				CLANG_WARN_BLOCK_CAPTURE_AUTORELEASING = YES;
				CLANG_WARN_BOOL_CONVERSION = YES;
				CLANG_WARN_COMMA = YES;
				CLANG_WARN_CONSTANT_CONVERSION = YES;
				CLANG_WARN_DEPRECATED_OBJC_IMPLEMENTATIONS = YES;
				CLANG_WARN_DIRECT_OBJC_ISA_USAGE = YES_ERROR;
				CLANG_WARN_DOCUMENTATION_COMMENTS = YES;
				CLANG_WARN_EMPTY_BODY = YES;
				CLANG_WARN_ENUM_CONVERSION = YES;
				CLANG_WARN_INFINITE_RECURSION = YES;
				CLANG_WARN_INT_CONVERSION = YES;
				CLANG_WARN_NON_LITERAL_NULL_CONVERSION = YES;
				CLANG_WARN_OBJC_IMPLICIT_RETAIN_SELF = YES;
				CLANG_WARN_OBJC_LITERAL_CONVERSION = YES;
				CLANG_WARN_OBJC_ROOT_CLASS = YES_ERROR;
				CLANG_WARN_RANGE_LOOP_ANALYSIS = YES;
				CLANG_WARN_STRICT_PROTOTYPES = YES;
				CLANG_WARN_SUSPICIOUS_MOVE = YES;
				CLANG_WARN_UNGUARDED_AVAILABILITY = YES_AGGRESSIVE;
				CLANG_WARN_UNREACHABLE_CODE = YES;
				CLANG_WARN__DUPLICATE_METHOD_MATCH = YES;
				CODE_SIGN_IDENTITY = "-";
				COPY_PHASE_STRIP = NO;
				CURRENT_PROJECT_VERSION = 1;
				DEBUG_INFORMATION_FORMAT = dwarf;
				ENABLE_STRICT_OBJC_MSGSEND = YES;
				ENABLE_TESTABILITY = YES;
				GCC_C_LANGUAGE_STANDARD = gnu11;
				GCC_DYNAMIC_NO_PIC = NO;
				GCC_NO_COMMON_BLOCKS = YES;
				GCC_OPTIMIZATION_LEVEL = 0;
				GCC_PREPROCESSOR_DEFINITIONS = (
					"DEBUG=1",
					"$(inherited)",
				);
				GCC_WARN_64_TO_32_BIT_CONVERSION = YES;
				GCC_WARN_ABOUT_RETURN_TYPE = YES_ERROR;
				GCC_WARN_UNDECLARED_SELECTOR = YES;
				GCC_WARN_UNINITIALIZED_AUTOS = YES_AGGRESSIVE;
				GCC_WARN_UNUSED_FUNCTION = YES;
				GCC_WARN_UNUSED_VARIABLE = YES;
				MACOSX_DEPLOYMENT_TARGET = 10.14;
				MTL_ENABLE_DEBUG_INFO = INCLUDE_SOURCE;
				MTL_FAST_MATH = YES;
				ONLY_ACTIVE_ARCH = YES;
				SDKROOT = macosx;
				VERSIONING_SYSTEM = "apple-generic";
				VERSION_INFO_PREFIX = "";
			};
			name = Debug;
		};
		13493D6C2530044B00A89A28 /* Release */ = {
			isa = XCBuildConfiguration;
			buildSettings = {
				ALWAYS_SEARCH_USER_PATHS = NO;
				CLANG_ANALYZER_NONNULL = YES;
				CLANG_ANALYZER_NUMBER_OBJECT_CONVERSION = YES_AGGRESSIVE;
				CLANG_CXX_LANGUAGE_STANDARD = "gnu++14";
				CLANG_CXX_LIBRARY = "libc++";
				CLANG_ENABLE_MODULES = YES;
				CLANG_ENABLE_OBJC_ARC = YES;
				CLANG_ENABLE_OBJC_WEAK = YES;
				CLANG_WARN_BLOCK_CAPTURE_AUTORELEASING = YES;
				CLANG_WARN_BOOL_CONVERSION = YES;
				CLANG_WARN_COMMA = YES;
				CLANG_WARN_CONSTANT_CONVERSION = YES;
				CLANG_WARN_DEPRECATED_OBJC_IMPLEMENTATIONS = YES;
				CLANG_WARN_DIRECT_OBJC_ISA_USAGE = YES_ERROR;
				CLANG_WARN_DOCUMENTATION_COMMENTS = YES;
				CLANG_WARN_EMPTY_BODY = YES;
				CLANG_WARN_ENUM_CONVERSION = YES;
				CLANG_WARN_INFINITE_RECURSION = YES;
				CLANG_WARN_INT_CONVERSION = YES;
				CLANG_WARN_NON_LITERAL_NULL_CONVERSION = YES;
				CLANG_WARN_OBJC_IMPLICIT_RETAIN_SELF = YES;
				CLANG_WARN_OBJC_LITERAL_CONVERSION = YES;
				CLANG_WARN_OBJC_ROOT_CLASS = YES_ERROR;
				CLANG_WARN_RANGE_LOOP_ANALYSIS = YES;
				CLANG_WARN_STRICT_PROTOTYPES = YES;
				CLANG_WARN_SUSPICIOUS_MOVE = YES;
				CLANG_WARN_UNGUARDED_AVAILABILITY = YES_AGGRESSIVE;
				CLANG_WARN_UNREACHABLE_CODE = YES;
				CLANG_WARN__DUPLICATE_METHOD_MATCH = YES;
				CODE_SIGN_IDENTITY = "-";
				COPY_PHASE_STRIP = NO;
				CURRENT_PROJECT_VERSION = 1;
				DEBUG_INFORMATION_FORMAT = "dwarf-with-dsym";
				ENABLE_NS_ASSERTIONS = NO;
				ENABLE_STRICT_OBJC_MSGSEND = YES;
				GCC_C_LANGUAGE_STANDARD = gnu11;
				GCC_NO_COMMON_BLOCKS = YES;
				GCC_WARN_64_TO_32_BIT_CONVERSION = YES;
				GCC_WARN_ABOUT_RETURN_TYPE = YES_ERROR;
				GCC_WARN_UNDECLARED_SELECTOR = YES;
				GCC_WARN_UNINITIALIZED_AUTOS = YES_AGGRESSIVE;
				GCC_WARN_UNUSED_FUNCTION = YES;
				GCC_WARN_UNUSED_VARIABLE = YES;
				MACOSX_DEPLOYMENT_TARGET = 10.14;
				MTL_ENABLE_DEBUG_INFO = NO;
				MTL_FAST_MATH = YES;
				SDKROOT = macosx;
				VERSIONING_SYSTEM = "apple-generic";
				VERSION_INFO_PREFIX = "";
			};
			name = Release;
		};
		13493D6E2530044B00A89A28 /* Debug */ = {
			isa = XCBuildConfiguration;
			buildSettings = {
				CODE_SIGN_IDENTITY = "";
				CODE_SIGN_STYLE = Automatic;
				COMBINE_HIDPI_IMAGES = YES;
				DEFINES_MODULE = YES;
				DYLIB_COMPATIBILITY_VERSION = 1;
				DYLIB_CURRENT_VERSION = 1;
				DYLIB_INSTALL_NAME_BASE = "@rpath";
				FRAMEWORK_VERSION = A;
				GCC_PREFIX_HEADER = "syutil_mac/syutil-Prefix.pch";
				INFOPLIST_FILE = syutil_mac/Info.plist;
				INSTALL_PATH = "$(LOCAL_LIBRARY_DIR)/Frameworks";
				LD_RUNPATH_SEARCH_PATHS = (
					"$(inherited)",
					"@executable_path/../Frameworks",
					"@loader_path/Frameworks",
				);
				PRODUCT_BUNDLE_IDENTIFIER = "soya.syutil-mac";
				PRODUCT_NAME = "$(TARGET_NAME:c99extidentifier)";
				SKIP_INSTALL = YES;
			};
			name = Debug;
		};
		13493D6F2530044B00A89A28 /* Release */ = {
			isa = XCBuildConfiguration;
			buildSettings = {
				CODE_SIGN_IDENTITY = "";
				CODE_SIGN_STYLE = Automatic;
				COMBINE_HIDPI_IMAGES = YES;
				DEFINES_MODULE = YES;
				DYLIB_COMPATIBILITY_VERSION = 1;
				DYLIB_CURRENT_VERSION = 1;
				DYLIB_INSTALL_NAME_BASE = "@rpath";
				FRAMEWORK_VERSION = A;
				GCC_PREFIX_HEADER = "syutil_mac/syutil-Prefix.pch";
				INFOPLIST_FILE = syutil_mac/Info.plist;
				INSTALL_PATH = "$(LOCAL_LIBRARY_DIR)/Frameworks";
				LD_RUNPATH_SEARCH_PATHS = (
					"$(inherited)",
					"@executable_path/../Frameworks",
					"@loader_path/Frameworks",
				);
				PRODUCT_BUNDLE_IDENTIFIER = "soya.syutil-mac";
				PRODUCT_NAME = "$(TARGET_NAME:c99extidentifier)";
				SKIP_INSTALL = YES;
			};
			name = Release;
		};
/* End XCBuildConfiguration section */

/* Begin XCConfigurationList section */
		13493D5F2530044A00A89A28 /* Build configuration list for PBXProject "syutil_mac" */ = {
			isa = XCConfigurationList;
			buildConfigurations = (
				13493D6B2530044B00A89A28 /* Debug */,
				13493D6C2530044B00A89A28 /* Release */,
			);
			defaultConfigurationIsVisible = 0;
			defaultConfigurationName = Release;
		};
		13493D6D2530044B00A89A28 /* Build configuration list for PBXNativeTarget "syutil_mac" */ = {
			isa = XCConfigurationList;
			buildConfigurations = (
				13493D6E2530044B00A89A28 /* Debug */,
				13493D6F2530044B00A89A28 /* Release */,
			);
			defaultConfigurationIsVisible = 0;
			defaultConfigurationName = Release;
		};
/* End XCConfigurationList section */
	};
	rootObject = 13493D5C2530044A00A89A28 /* Project object */;
}
